// !$*UTF8*$!
{
	archiveVersion = 1;
	classes = {
	};
	objectVersion = 56;
	objects = {

/* Begin PBXBuildFile section */
		5660679229CF827F008900AB /* AppDelegate.swift in Sources */ = {isa = PBXBuildFile; fileRef = 5660679129CF827F008900AB /* AppDelegate.swift */; };
		5660679429CF827F008900AB /* SceneDelegate.swift in Sources */ = {isa = PBXBuildFile; fileRef = 5660679329CF827F008900AB /* SceneDelegate.swift */; };
		5660679B29CF827F008900AB /* Assets.xcassets in Resources */ = {isa = PBXBuildFile; fileRef = 5660679A29CF827F008900AB /* Assets.xcassets */; };
		5660679E29CF827F008900AB /* LaunchScreen.storyboard in Resources */ = {isa = PBXBuildFile; fileRef = 5660679C29CF827F008900AB /* LaunchScreen.storyboard */; };
		566067A729CF82A8008900AB /* RxCocoa in Frameworks */ = {isa = PBXBuildFile; productRef = 566067A629CF82A8008900AB /* RxCocoa */; };
		566067A929CF82A8008900AB /* RxRelay in Frameworks */ = {isa = PBXBuildFile; productRef = 566067A829CF82A8008900AB /* RxRelay */; };
		566067AB29CF82A8008900AB /* RxSwift in Frameworks */ = {isa = PBXBuildFile; productRef = 566067AA29CF82A8008900AB /* RxSwift */; };
		566067AE29CF82CC008900AB /* Kingfisher in Frameworks */ = {isa = PBXBuildFile; productRef = 566067AD29CF82CC008900AB /* Kingfisher */; };
		566067B129CF82E2008900AB /* SnapKit in Frameworks */ = {isa = PBXBuildFile; productRef = 566067B029CF82E2008900AB /* SnapKit */; };
		566067B329CF8328008900AB /* MainViewController.swift in Sources */ = {isa = PBXBuildFile; fileRef = 566067B229CF8328008900AB /* MainViewController.swift */; };
		566067B529CF84B0008900AB /* SearchBar.swift in Sources */ = {isa = PBXBuildFile; fileRef = 566067B429CF84B0008900AB /* SearchBar.swift */; };
		566067B729CF87F6008900AB /* FilterView.swift in Sources */ = {isa = PBXBuildFile; fileRef = 566067B629CF87F6008900AB /* FilterView.swift */; };
		566067B929CF89B1008900AB /* BlogList.swift in Sources */ = {isa = PBXBuildFile; fileRef = 566067B829CF89B1008900AB /* BlogList.swift */; };
		566067BB29CF89BF008900AB /* BlogListCell.swift in Sources */ = {isa = PBXBuildFile; fileRef = 566067BA29CF89BF008900AB /* BlogListCell.swift */; };
		566067BD29CF89CD008900AB /* BlogListCellData.swift in Sources */ = {isa = PBXBuildFile; fileRef = 566067BC29CF89CD008900AB /* BlogListCellData.swift */; };
		566067C129CF90F7008900AB /* AlertActionConvertible.swift in Sources */ = {isa = PBXBuildFile; fileRef = 566067C029CF90F7008900AB /* AlertActionConvertible.swift */; };
		566067C329CF98A1008900AB /* DKBlog.swift in Sources */ = {isa = PBXBuildFile; fileRef = 566067C229CF98A1008900AB /* DKBlog.swift */; };
		566067C529CF9AEA008900AB /* SearchBlogAPI.swift in Sources */ = {isa = PBXBuildFile; fileRef = 566067C429CF9AEA008900AB /* SearchBlogAPI.swift */; };
		566067C829CF9BD2008900AB /* SearchBlogNetwork.swift in Sources */ = {isa = PBXBuildFile; fileRef = 566067C729CF9BD2008900AB /* SearchBlogNetwork.swift */; };
/* End PBXBuildFile section */

/* Begin PBXFileReference section */
		5660678E29CF827F008900AB /* SearchDaumBlog.app */ = {isa = PBXFileReference; explicitFileType = wrapper.application; includeInIndex = 0; path = SearchDaumBlog.app; sourceTree = BUILT_PRODUCTS_DIR; };
		5660679129CF827F008900AB /* AppDelegate.swift */ = {isa = PBXFileReference; lastKnownFileType = sourcecode.swift; path = AppDelegate.swift; sourceTree = "<group>"; };
		5660679329CF827F008900AB /* SceneDelegate.swift */ = {isa = PBXFileReference; lastKnownFileType = sourcecode.swift; path = SceneDelegate.swift; sourceTree = "<group>"; };
		5660679A29CF827F008900AB /* Assets.xcassets */ = {isa = PBXFileReference; lastKnownFileType = folder.assetcatalog; path = Assets.xcassets; sourceTree = "<group>"; };
		5660679D29CF827F008900AB /* Base */ = {isa = PBXFileReference; lastKnownFileType = file.storyboard; name = Base; path = Base.lproj/LaunchScreen.storyboard; sourceTree = "<group>"; };
		5660679F29CF827F008900AB /* Info.plist */ = {isa = PBXFileReference; lastKnownFileType = text.plist.xml; path = Info.plist; sourceTree = "<group>"; };
		566067B229CF8328008900AB /* MainViewController.swift */ = {isa = PBXFileReference; lastKnownFileType = sourcecode.swift; path = MainViewController.swift; sourceTree = "<group>"; };
		566067B429CF84B0008900AB /* SearchBar.swift */ = {isa = PBXFileReference; lastKnownFileType = sourcecode.swift; path = SearchBar.swift; sourceTree = "<group>"; };
		566067B629CF87F6008900AB /* FilterView.swift */ = {isa = PBXFileReference; lastKnownFileType = sourcecode.swift; path = FilterView.swift; sourceTree = "<group>"; };
		566067B829CF89B1008900AB /* BlogList.swift */ = {isa = PBXFileReference; lastKnownFileType = sourcecode.swift; path = BlogList.swift; sourceTree = "<group>"; };
		566067BA29CF89BF008900AB /* BlogListCell.swift */ = {isa = PBXFileReference; lastKnownFileType = sourcecode.swift; path = BlogListCell.swift; sourceTree = "<group>"; };
		566067BC29CF89CD008900AB /* BlogListCellData.swift */ = {isa = PBXFileReference; lastKnownFileType = sourcecode.swift; path = BlogListCellData.swift; sourceTree = "<group>"; };
		566067C029CF90F7008900AB /* AlertActionConvertible.swift */ = {isa = PBXFileReference; lastKnownFileType = sourcecode.swift; path = AlertActionConvertible.swift; sourceTree = "<group>"; };
		566067C229CF98A1008900AB /* DKBlog.swift */ = {isa = PBXFileReference; lastKnownFileType = sourcecode.swift; path = DKBlog.swift; sourceTree = "<group>"; };
		566067C429CF9AEA008900AB /* SearchBlogAPI.swift */ = {isa = PBXFileReference; lastKnownFileType = sourcecode.swift; path = SearchBlogAPI.swift; sourceTree = "<group>"; };
		566067C729CF9BD2008900AB /* SearchBlogNetwork.swift */ = {isa = PBXFileReference; lastKnownFileType = sourcecode.swift; path = SearchBlogNetwork.swift; sourceTree = "<group>"; };
/* End PBXFileReference section */

/* Begin PBXFrameworksBuildPhase section */
		5660678B29CF827F008900AB /* Frameworks */ = {
			isa = PBXFrameworksBuildPhase;
			buildActionMask = 2147483647;
			files = (
				566067AE29CF82CC008900AB /* Kingfisher in Frameworks */,
				566067AB29CF82A8008900AB /* RxSwift in Frameworks */,
				566067A929CF82A8008900AB /* RxRelay in Frameworks */,
				566067A729CF82A8008900AB /* RxCocoa in Frameworks */,
				566067B129CF82E2008900AB /* SnapKit in Frameworks */,
			);
			runOnlyForDeploymentPostprocessing = 0;
		};
/* End PBXFrameworksBuildPhase section */

/* Begin PBXGroup section */
		5660678529CF827F008900AB = {
			isa = PBXGroup;
			children = (
				5660679029CF827F008900AB /* SearchDaumBlog */,
				5660678F29CF827F008900AB /* Products */,
			);
			sourceTree = "<group>";
		};
		5660678F29CF827F008900AB /* Products */ = {
			isa = PBXGroup;
			children = (
				5660678E29CF827F008900AB /* SearchDaumBlog.app */,
			);
			name = Products;
			sourceTree = "<group>";
		};
		5660679029CF827F008900AB /* SearchDaumBlog */ = {
			isa = PBXGroup;
			children = (
				5660679129CF827F008900AB /* AppDelegate.swift */,
				5660679329CF827F008900AB /* SceneDelegate.swift */,
				5660679A29CF827F008900AB /* Assets.xcassets */,
				5660679C29CF827F008900AB /* LaunchScreen.storyboard */,
				5660679F29CF827F008900AB /* Info.plist */,
				566067BE29CF89E2008900AB /* UI */,
				566067BF29CF89EE008900AB /* Entities */,
				566067C629CF9AFA008900AB /* Network */,
				566067C729CF9BD2008900AB /* SearchBlogNetwork.swift */,
			);
			path = SearchDaumBlog;
			sourceTree = "<group>";
		};
		566067BE29CF89E2008900AB /* UI */ = {
			isa = PBXGroup;
			children = (
				566067B229CF8328008900AB /* MainViewController.swift */,
				566067B429CF84B0008900AB /* SearchBar.swift */,
				566067B629CF87F6008900AB /* FilterView.swift */,
				566067B829CF89B1008900AB /* BlogList.swift */,
				566067BA29CF89BF008900AB /* BlogListCell.swift */,
			);
			path = UI;
			sourceTree = "<group>";
		};
		566067BF29CF89EE008900AB /* Entities */ = {
			isa = PBXGroup;
			children = (
				566067BC29CF89CD008900AB /* BlogListCellData.swift */,
				566067C029CF90F7008900AB /* AlertActionConvertible.swift */,
				566067C229CF98A1008900AB /* DKBlog.swift */,
			);
			path = Entities;
			sourceTree = "<group>";
		};
		566067C629CF9AFA008900AB /* Network */ = {
			isa = PBXGroup;
			children = (
				566067C429CF9AEA008900AB /* SearchBlogAPI.swift */,
			);
			path = Network;
			sourceTree = "<group>";
		};
/* End PBXGroup section */

/* Begin PBXNativeTarget section */
		5660678D29CF827F008900AB /* SearchDaumBlog */ = {
			isa = PBXNativeTarget;
			buildConfigurationList = 566067A229CF827F008900AB /* Build configuration list for PBXNativeTarget "SearchDaumBlog" */;
			buildPhases = (
				5660678A29CF827F008900AB /* Sources */,
				5660678B29CF827F008900AB /* Frameworks */,
				5660678C29CF827F008900AB /* Resources */,
			);
			buildRules = (
			);
			dependencies = (
			);
			name = SearchDaumBlog;
			packageProductDependencies = (
				566067A629CF82A8008900AB /* RxCocoa */,
				566067A829CF82A8008900AB /* RxRelay */,
				566067AA29CF82A8008900AB /* RxSwift */,
				566067AD29CF82CC008900AB /* Kingfisher */,
				566067B029CF82E2008900AB /* SnapKit */,
			);
			productName = SearchDaumBlog;
			productReference = 5660678E29CF827F008900AB /* SearchDaumBlog.app */;
			productType = "com.apple.product-type.application";
		};
/* End PBXNativeTarget section */

/* Begin PBXProject section */
		5660678629CF827F008900AB /* Project object */ = {
			isa = PBXProject;
			attributes = {
				BuildIndependentTargetsInParallel = 1;
				LastSwiftUpdateCheck = 1420;
				LastUpgradeCheck = 1420;
				TargetAttributes = {
					5660678D29CF827F008900AB = {
						CreatedOnToolsVersion = 14.2;
					};
				};
			};
			buildConfigurationList = 5660678929CF827F008900AB /* Build configuration list for PBXProject "SearchDaumBlog" */;
			compatibilityVersion = "Xcode 14.0";
			developmentRegion = en;
			hasScannedForEncodings = 0;
			knownRegions = (
				en,
				Base,
			);
			mainGroup = 5660678529CF827F008900AB;
			packageReferences = (
				566067A529CF82A8008900AB /* XCRemoteSwiftPackageReference "RxSwift" */,
				566067AC29CF82CC008900AB /* XCRemoteSwiftPackageReference "Kingfisher" */,
				566067AF29CF82E2008900AB /* XCRemoteSwiftPackageReference "SnapKit" */,
			);
			productRefGroup = 5660678F29CF827F008900AB /* Products */;
			projectDirPath = "";
			projectRoot = "";
			targets = (
				5660678D29CF827F008900AB /* SearchDaumBlog */,
			);
		};
/* End PBXProject section */

/* Begin PBXResourcesBuildPhase section */
		5660678C29CF827F008900AB /* Resources */ = {
			isa = PBXResourcesBuildPhase;
			buildActionMask = 2147483647;
			files = (
				5660679E29CF827F008900AB /* LaunchScreen.storyboard in Resources */,
				5660679B29CF827F008900AB /* Assets.xcassets in Resources */,
			);
			runOnlyForDeploymentPostprocessing = 0;
		};
/* End PBXResourcesBuildPhase section */

/* Begin PBXSourcesBuildPhase section */
		5660678A29CF827F008900AB /* Sources */ = {
			isa = PBXSourcesBuildPhase;
			buildActionMask = 2147483647;
			files = (
				566067B329CF8328008900AB /* MainViewController.swift in Sources */,
				566067BB29CF89BF008900AB /* BlogListCell.swift in Sources */,
				566067C329CF98A1008900AB /* DKBlog.swift in Sources */,
				566067B929CF89B1008900AB /* BlogList.swift in Sources */,
				566067C529CF9AEA008900AB /* SearchBlogAPI.swift in Sources */,
				566067BD29CF89CD008900AB /* BlogListCellData.swift in Sources */,
				566067B529CF84B0008900AB /* SearchBar.swift in Sources */,
				5660679229CF827F008900AB /* AppDelegate.swift in Sources */,
				566067B729CF87F6008900AB /* FilterView.swift in Sources */,
				5660679429CF827F008900AB /* SceneDelegate.swift in Sources */,
				566067C829CF9BD2008900AB /* SearchBlogNetwork.swift in Sources */,
				566067C129CF90F7008900AB /* AlertActionConvertible.swift in Sources */,
			);
			runOnlyForDeploymentPostprocessing = 0;
		};
/* End PBXSourcesBuildPhase section */

/* Begin PBXVariantGroup section */
		5660679C29CF827F008900AB /* LaunchScreen.storyboard */ = {
			isa = PBXVariantGroup;
			children = (
				5660679D29CF827F008900AB /* Base */,
			);
			name = LaunchScreen.storyboard;
			sourceTree = "<group>";
		};
/* End PBXVariantGroup section */

/* Begin XCBuildConfiguration section */
		566067A029CF827F008900AB /* Debug */ = {
			isa = XCBuildConfiguration;
			buildSettings = {
				ALWAYS_SEARCH_USER_PATHS = NO;
				CLANG_ANALYZER_NONNULL = YES;
				CLANG_ANALYZER_NUMBER_OBJECT_CONVERSION = YES_AGGRESSIVE;
				CLANG_CXX_LANGUAGE_STANDARD = "gnu++20";
				CLANG_ENABLE_MODULES = YES;
				CLANG_ENABLE_OBJC_ARC = YES;
				CLANG_ENABLE_OBJC_WEAK = YES;
				CLANG_WARN_BLOCK_CAPTURE_AUTORELEASING = YES;
				CLANG_WARN_BOOL_CONVERSION = YES;
				CLANG_WARN_COMMA = YES;
				CLANG_WARN_CONSTANT_CONVERSION = YES;
				CLANG_WARN_DEPRECATED_OBJC_IMPLEMENTATIONS = YES;
				CLANG_WARN_DIRECT_OBJC_ISA_USAGE = YES_ERROR;
				CLANG_WARN_DOCUMENTATION_COMMENTS = YES;
				CLANG_WARN_EMPTY_BODY = YES;
				CLANG_WARN_ENUM_CONVERSION = YES;
				CLANG_WARN_INFINITE_RECURSION = YES;
				CLANG_WARN_INT_CONVERSION = YES;
				CLANG_WARN_NON_LITERAL_NULL_CONVERSION = YES;
				CLANG_WARN_OBJC_IMPLICIT_RETAIN_SELF = YES;
				CLANG_WARN_OBJC_LITERAL_CONVERSION = YES;
				CLANG_WARN_OBJC_ROOT_CLASS = YES_ERROR;
				CLANG_WARN_QUOTED_INCLUDE_IN_FRAMEWORK_HEADER = YES;
				CLANG_WARN_RANGE_LOOP_ANALYSIS = YES;
				CLANG_WARN_STRICT_PROTOTYPES = YES;
				CLANG_WARN_SUSPICIOUS_MOVE = YES;
				CLANG_WARN_UNGUARDED_AVAILABILITY = YES_AGGRESSIVE;
				CLANG_WARN_UNREACHABLE_CODE = YES;
				CLANG_WARN__DUPLICATE_METHOD_MATCH = YES;
				COPY_PHASE_STRIP = NO;
				DEBUG_INFORMATION_FORMAT = dwarf;
				ENABLE_STRICT_OBJC_MSGSEND = YES;
				ENABLE_TESTABILITY = YES;
				GCC_C_LANGUAGE_STANDARD = gnu11;
				GCC_DYNAMIC_NO_PIC = NO;
				GCC_NO_COMMON_BLOCKS = YES;
				GCC_OPTIMIZATION_LEVEL = 0;
				GCC_PREPROCESSOR_DEFINITIONS = (
					"DEBUG=1",
					"$(inherited)",
				);
				GCC_WARN_64_TO_32_BIT_CONVERSION = YES;
				GCC_WARN_ABOUT_RETURN_TYPE = YES_ERROR;
				GCC_WARN_UNDECLARED_SELECTOR = YES;
				GCC_WARN_UNINITIALIZED_AUTOS = YES_AGGRESSIVE;
				GCC_WARN_UNUSED_FUNCTION = YES;
				GCC_WARN_UNUSED_VARIABLE = YES;
				IPHONEOS_DEPLOYMENT_TARGET = 16.2;
				MTL_ENABLE_DEBUG_INFO = INCLUDE_SOURCE;
				MTL_FAST_MATH = YES;
				ONLY_ACTIVE_ARCH = YES;
				SDKROOT = iphoneos;
				SWIFT_ACTIVE_COMPILATION_CONDITIONS = DEBUG;
				SWIFT_OPTIMIZATION_LEVEL = "-Onone";
			};
			name = Debug;
		};
		566067A129CF827F008900AB /* Release */ = {
			isa = XCBuildConfiguration;
			buildSettings = {
				ALWAYS_SEARCH_USER_PATHS = NO;
				CLANG_ANALYZER_NONNULL = YES;
				CLANG_ANALYZER_NUMBER_OBJECT_CONVERSION = YES_AGGRESSIVE;
				CLANG_CXX_LANGUAGE_STANDARD = "gnu++20";
				CLANG_ENABLE_MODULES = YES;
				CLANG_ENABLE_OBJC_ARC = YES;
				CLANG_ENABLE_OBJC_WEAK = YES;
				CLANG_WARN_BLOCK_CAPTURE_AUTORELEASING = YES;
				CLANG_WARN_BOOL_CONVERSION = YES;
				CLANG_WARN_COMMA = YES;
				CLANG_WARN_CONSTANT_CONVERSION = YES;
				CLANG_WARN_DEPRECATED_OBJC_IMPLEMENTATIONS = YES;
				CLANG_WARN_DIRECT_OBJC_ISA_USAGE = YES_ERROR;
				CLANG_WARN_DOCUMENTATION_COMMENTS = YES;
				CLANG_WARN_EMPTY_BODY = YES;
				CLANG_WARN_ENUM_CONVERSION = YES;
				CLANG_WARN_INFINITE_RECURSION = YES;
				CLANG_WARN_INT_CONVERSION = YES;
				CLANG_WARN_NON_LITERAL_NULL_CONVERSION = YES;
				CLANG_WARN_OBJC_IMPLICIT_RETAIN_SELF = YES;
				CLANG_WARN_OBJC_LITERAL_CONVERSION = YES;
				CLANG_WARN_OBJC_ROOT_CLASS = YES_ERROR;
				CLANG_WARN_QUOTED_INCLUDE_IN_FRAMEWORK_HEADER = YES;
				CLANG_WARN_RANGE_LOOP_ANALYSIS = YES;
				CLANG_WARN_STRICT_PROTOTYPES = YES;
				CLANG_WARN_SUSPICIOUS_MOVE = YES;
				CLANG_WARN_UNGUARDED_AVAILABILITY = YES_AGGRESSIVE;
				CLANG_WARN_UNREACHABLE_CODE = YES;
				CLANG_WARN__DUPLICATE_METHOD_MATCH = YES;
				COPY_PHASE_STRIP = NO;
				DEBUG_INFORMATION_FORMAT = "dwarf-with-dsym";
				ENABLE_NS_ASSERTIONS = NO;
				ENABLE_STRICT_OBJC_MSGSEND = YES;
				GCC_C_LANGUAGE_STANDARD = gnu11;
				GCC_NO_COMMON_BLOCKS = YES;
				GCC_WARN_64_TO_32_BIT_CONVERSION = YES;
				GCC_WARN_ABOUT_RETURN_TYPE = YES_ERROR;
				GCC_WARN_UNDECLARED_SELECTOR = YES;
				GCC_WARN_UNINITIALIZED_AUTOS = YES_AGGRESSIVE;
				GCC_WARN_UNUSED_FUNCTION = YES;
				GCC_WARN_UNUSED_VARIABLE = YES;
				IPHONEOS_DEPLOYMENT_TARGET = 16.2;
				MTL_ENABLE_DEBUG_INFO = NO;
				MTL_FAST_MATH = YES;
				SDKROOT = iphoneos;
				SWIFT_COMPILATION_MODE = wholemodule;
				SWIFT_OPTIMIZATION_LEVEL = "-O";
				VALIDATE_PRODUCT = YES;
			};
			name = Release;
		};
		566067A329CF827F008900AB /* Debug */ = {
			isa = XCBuildConfiguration;
			buildSettings = {
				ASSETCATALOG_COMPILER_APPICON_NAME = AppIcon;
				ASSETCATALOG_COMPILER_GLOBAL_ACCENT_COLOR_NAME = AccentColor;
				CODE_SIGN_STYLE = Automatic;
				CURRENT_PROJECT_VERSION = 1;
				DEVELOPMENT_TEAM = K6S94WMQ9X;
				GENERATE_INFOPLIST_FILE = YES;
				INFOPLIST_FILE = SearchDaumBlog/Info.plist;
				INFOPLIST_KEY_UIApplicationSupportsIndirectInputEvents = YES;
				INFOPLIST_KEY_UILaunchStoryboardName = LaunchScreen;
				INFOPLIST_KEY_UISupportedInterfaceOrientations_iPad = "UIInterfaceOrientationPortrait UIInterfaceOrientationPortraitUpsideDown UIInterfaceOrientationLandscapeLeft UIInterfaceOrientationLandscapeRight";
				INFOPLIST_KEY_UISupportedInterfaceOrientations_iPhone = "UIInterfaceOrientationPortrait UIInterfaceOrientationLandscapeLeft UIInterfaceOrientationLandscapeRight";
				LD_RUNPATH_SEARCH_PATHS = (
					"$(inherited)",
					"@executable_path/Frameworks",
				);
				MARKETING_VERSION = 1.0;
				PRODUCT_BUNDLE_IDENTIFIER = net.park.SearchDaumBlog;
				PRODUCT_NAME = "$(TARGET_NAME)";
				SWIFT_EMIT_LOC_STRINGS = YES;
				SWIFT_VERSION = 5.0;
				TARGETED_DEVICE_FAMILY = "1,2";
			};
			name = Debug;
		};
		566067A429CF827F008900AB /* Release */ = {
			isa = XCBuildConfiguration;
			buildSettings = {
				ASSETCATALOG_COMPILER_APPICON_NAME = AppIcon;
				ASSETCATALOG_COMPILER_GLOBAL_ACCENT_COLOR_NAME = AccentColor;
				CODE_SIGN_STYLE = Automatic;
				CURRENT_PROJECT_VERSION = 1;
				DEVELOPMENT_TEAM = K6S94WMQ9X;
				GENERATE_INFOPLIST_FILE = YES;
				INFOPLIST_FILE = SearchDaumBlog/Info.plist;
				INFOPLIST_KEY_UIApplicationSupportsIndirectInputEvents = YES;
				INFOPLIST_KEY_UILaunchStoryboardName = LaunchScreen;
				INFOPLIST_KEY_UISupportedInterfaceOrientations_iPad = "UIInterfaceOrientationPortrait UIInterfaceOrientationPortraitUpsideDown UIInterfaceOrientationLandscapeLeft UIInterfaceOrientationLandscapeRight";
				INFOPLIST_KEY_UISupportedInterfaceOrientations_iPhone = "UIInterfaceOrientationPortrait UIInterfaceOrientationLandscapeLeft UIInterfaceOrientationLandscapeRight";
				LD_RUNPATH_SEARCH_PATHS = (
					"$(inherited)",
					"@executable_path/Frameworks",
				);
				MARKETING_VERSION = 1.0;
				PRODUCT_BUNDLE_IDENTIFIER = net.park.SearchDaumBlog;
				PRODUCT_NAME = "$(TARGET_NAME)";
				SWIFT_EMIT_LOC_STRINGS = YES;
				SWIFT_VERSION = 5.0;
				TARGETED_DEVICE_FAMILY = "1,2";
			};
			name = Release;
		};
/* End XCBuildConfiguration section */

/* Begin XCConfigurationList section */
		5660678929CF827F008900AB /* Build configuration list for PBXProject "SearchDaumBlog" */ = {
			isa = XCConfigurationList;
			buildConfigurations = (
				566067A029CF827F008900AB /* Debug */,
				566067A129CF827F008900AB /* Release */,
			);
			defaultConfigurationIsVisible = 0;
			defaultConfigurationName = Release;
		};
		566067A229CF827F008900AB /* Build configuration list for PBXNativeTarget "SearchDaumBlog" */ = {
			isa = XCConfigurationList;
			buildConfigurations = (
				566067A329CF827F008900AB /* Debug */,
				566067A429CF827F008900AB /* Release */,
			);
			defaultConfigurationIsVisible = 0;
			defaultConfigurationName = Release;
		};
/* End XCConfigurationList section */

/* Begin XCRemoteSwiftPackageReference section */
		566067A529CF82A8008900AB /* XCRemoteSwiftPackageReference "RxSwift" */ = {
			isa = XCRemoteSwiftPackageReference;
			repositoryURL = "https://github.com/ReactiveX/RxSwift.git";
			requirement = {
				kind = upToNextMajorVersion;
				minimumVersion = 6.0.0;
			};
		};
		566067AC29CF82CC008900AB /* XCRemoteSwiftPackageReference "Kingfisher" */ = {
			isa = XCRemoteSwiftPackageReference;
			repositoryURL = "https://github.com/onevcat/Kingfisher";
			requirement = {
				kind = upToNextMajorVersion;
				minimumVersion = 7.0.0;
			};
		};
		566067AF29CF82E2008900AB /* XCRemoteSwiftPackageReference "SnapKit" */ = {
			isa = XCRemoteSwiftPackageReference;
			repositoryURL = "https://github.com/SnapKit/SnapKit";
			requirement = {
				kind = upToNextMajorVersion;
				minimumVersion = 5.0.0;
			};
		};
/* End XCRemoteSwiftPackageReference section */

/* Begin XCSwiftPackageProductDependency section */
		566067A629CF82A8008900AB /* RxCocoa */ = {
			isa = XCSwiftPackageProductDependency;
			package = 566067A529CF82A8008900AB /* XCRemoteSwiftPackageReference "RxSwift" */;
			productName = RxCocoa;
		};
		566067A829CF82A8008900AB /* RxRelay */ = {
			isa = XCSwiftPackageProductDependency;
			package = 566067A529CF82A8008900AB /* XCRemoteSwiftPackageReference "RxSwift" */;
			productName = RxRelay;
		};
		566067AA29CF82A8008900AB /* RxSwift */ = {
			isa = XCSwiftPackageProductDependency;
			package = 566067A529CF82A8008900AB /* XCRemoteSwiftPackageReference "RxSwift" */;
			productName = RxSwift;
		};
		566067AD29CF82CC008900AB /* Kingfisher */ = {
			isa = XCSwiftPackageProductDependency;
			package = 566067AC29CF82CC008900AB /* XCRemoteSwiftPackageReference "Kingfisher" */;
			productName = Kingfisher;
		};
		566067B029CF82E2008900AB /* SnapKit */ = {
			isa = XCSwiftPackageProductDependency;
			package = 566067AF29CF82E2008900AB /* XCRemoteSwiftPackageReference "SnapKit" */;
			productName = SnapKit;
		};
/* End XCSwiftPackageProductDependency section */
	};
	rootObject = 5660678629CF827F008900AB /* Project object */;
}
