// !$*UTF8*$!
{
	archiveVersion = 1;
	classes = {
	};
	objectVersion = 56;
	objects = {

/* Begin PBXBuildFile section */
		56E4536B2973FA6E0088254E /* AppDelegate.swift in Sources */ = {isa = PBXBuildFile; fileRef = 56E4536A2973FA6E0088254E /* AppDelegate.swift */; };
		56E4536D2973FA6E0088254E /* SceneDelegate.swift in Sources */ = {isa = PBXBuildFile; fileRef = 56E4536C2973FA6E0088254E /* SceneDelegate.swift */; };
		56E4536F2973FA6E0088254E /* ViewController.swift in Sources */ = {isa = PBXBuildFile; fileRef = 56E4536E2973FA6E0088254E /* ViewController.swift */; };
		56E453722973FA6E0088254E /* Main.storyboard in Resources */ = {isa = PBXBuildFile; fileRef = 56E453702973FA6E0088254E /* Main.storyboard */; };
		56E453742973FA6F0088254E /* Assets.xcassets in Resources */ = {isa = PBXBuildFile; fileRef = 56E453732973FA6F0088254E /* Assets.xcassets */; };
		56E453772973FA6F0088254E /* LaunchScreen.storyboard in Resources */ = {isa = PBXBuildFile; fileRef = 56E453752973FA6F0088254E /* LaunchScreen.storyboard */; };
		56E453832973FAF50088254E /* Seascape.jpg in Resources */ = {isa = PBXBuildFile; fileRef = 56E4537F2973FAF50088254E /* Seascape.jpg */; };
		56E453842973FAF50088254E /* Fireworks.jpg in Resources */ = {isa = PBXBuildFile; fileRef = 56E453802973FAF50088254E /* Fireworks.jpg */; };
		56E453852973FAF50088254E /* Mountaineering.jpg in Resources */ = {isa = PBXBuildFile; fileRef = 56E453812973FAF50088254E /* Mountaineering.jpg */; };
		56E453862973FAF50088254E /* FastTyping.jpg in Resources */ = {isa = PBXBuildFile; fileRef = 56E453822973FAF50088254E /* FastTyping.jpg */; };
		56E453892973FB160088254E /* Mountaineering.mov in Resources */ = {isa = PBXBuildFile; fileRef = 56E453872973FB150088254E /* Mountaineering.mov */; };
		56E4538A2973FB160088254E /* FastTyping.mp4 in Resources */ = {isa = PBXBuildFile; fileRef = 56E453882973FB160088254E /* FastTyping.mp4 */; };
/* End PBXBuildFile section */

/* Begin PBXFileReference section */
		56E453672973FA6E0088254E /* MoviePlayer.app */ = {isa = PBXFileReference; explicitFileType = wrapper.application; includeInIndex = 0; path = MoviePlayer.app; sourceTree = BUILT_PRODUCTS_DIR; };
		56E4536A2973FA6E0088254E /* AppDelegate.swift */ = {isa = PBXFileReference; lastKnownFileType = sourcecode.swift; path = AppDelegate.swift; sourceTree = "<group>"; };
		56E4536C2973FA6E0088254E /* SceneDelegate.swift */ = {isa = PBXFileReference; lastKnownFileType = sourcecode.swift; path = SceneDelegate.swift; sourceTree = "<group>"; };
		56E4536E2973FA6E0088254E /* ViewController.swift */ = {isa = PBXFileReference; lastKnownFileType = sourcecode.swift; path = ViewController.swift; sourceTree = "<group>"; };
		56E453712973FA6E0088254E /* Base */ = {isa = PBXFileReference; lastKnownFileType = file.storyboard; name = Base; path = Base.lproj/Main.storyboard; sourceTree = "<group>"; };
		56E453732973FA6F0088254E /* Assets.xcassets */ = {isa = PBXFileReference; lastKnownFileType = folder.assetcatalog; path = Assets.xcassets; sourceTree = "<group>"; };
		56E453762973FA6F0088254E /* Base */ = {isa = PBXFileReference; lastKnownFileType = file.storyboard; name = Base; path = Base.lproj/LaunchScreen.storyboard; sourceTree = "<group>"; };
		56E453782973FA6F0088254E /* Info.plist */ = {isa = PBXFileReference; lastKnownFileType = text.plist.xml; path = Info.plist; sourceTree = "<group>"; };
		56E4537F2973FAF50088254E /* Seascape.jpg */ = {isa = PBXFileReference; lastKnownFileType = image.jpeg; path = Seascape.jpg; sourceTree = "<group>"; };
		56E453802973FAF50088254E /* Fireworks.jpg */ = {isa = PBXFileReference; lastKnownFileType = image.jpeg; path = Fireworks.jpg; sourceTree = "<group>"; };
		56E453812973FAF50088254E /* Mountaineering.jpg */ = {isa = PBXFileReference; lastKnownFileType = image.jpeg; path = Mountaineering.jpg; sourceTree = "<group>"; };
		56E453822973FAF50088254E /* FastTyping.jpg */ = {isa = PBXFileReference; lastKnownFileType = image.jpeg; path = FastTyping.jpg; sourceTree = "<group>"; };
		56E453872973FB150088254E /* Mountaineering.mov */ = {isa = PBXFileReference; lastKnownFileType = video.quicktime; path = Mountaineering.mov; sourceTree = "<group>"; };
		56E453882973FB160088254E /* FastTyping.mp4 */ = {isa = PBXFileReference; lastKnownFileType = file; path = FastTyping.mp4; sourceTree = "<group>"; };
/* End PBXFileReference section */

/* Begin PBXFrameworksBuildPhase section */
		56E453642973FA6E0088254E /* Frameworks */ = {
			isa = PBXFrameworksBuildPhase;
			buildActionMask = 2147483647;
			files = (
			);
			runOnlyForDeploymentPostprocessing = 0;
		};
/* End PBXFrameworksBuildPhase section */

/* Begin PBXGroup section */
		56E4535E2973FA6E0088254E = {
			isa = PBXGroup;
			children = (
				56E453692973FA6E0088254E /* MoviePlayer */,
				56E453682973FA6E0088254E /* Products */,
			);
			sourceTree = "<group>";
		};
		56E453682973FA6E0088254E /* Products */ = {
			isa = PBXGroup;
			children = (
				56E453672973FA6E0088254E /* MoviePlayer.app */,
			);
			name = Products;
			sourceTree = "<group>";
		};
		56E453692973FA6E0088254E /* MoviePlayer */ = {
			isa = PBXGroup;
			children = (
				56E4537E2973FAE60088254E /* Resource */,
				56E4536A2973FA6E0088254E /* AppDelegate.swift */,
				56E4536C2973FA6E0088254E /* SceneDelegate.swift */,
				56E4536E2973FA6E0088254E /* ViewController.swift */,
				56E453702973FA6E0088254E /* Main.storyboard */,
				56E453732973FA6F0088254E /* Assets.xcassets */,
				56E453752973FA6F0088254E /* LaunchScreen.storyboard */,
				56E453782973FA6F0088254E /* Info.plist */,
			);
			path = MoviePlayer;
			sourceTree = "<group>";
		};
		56E4537E2973FAE60088254E /* Resource */ = {
			isa = PBXGroup;
			children = (
				56E453882973FB160088254E /* FastTyping.mp4 */,
				56E453872973FB150088254E /* Mountaineering.mov */,
				56E453822973FAF50088254E /* FastTyping.jpg */,
				56E453802973FAF50088254E /* Fireworks.jpg */,
				56E453812973FAF50088254E /* Mountaineering.jpg */,
				56E4537F2973FAF50088254E /* Seascape.jpg */,
			);
			path = Resource;
			sourceTree = "<group>";
		};
/* End PBXGroup section */

/* Begin PBXNativeTarget section */
		56E453662973FA6E0088254E /* MoviePlayer */ = {
			isa = PBXNativeTarget;
			buildConfigurationList = 56E4537B2973FA6F0088254E /* Build configuration list for PBXNativeTarget "MoviePlayer" */;
			buildPhases = (
				56E453632973FA6E0088254E /* Sources */,
				56E453642973FA6E0088254E /* Frameworks */,
				56E453652973FA6E0088254E /* Resources */,
			);
			buildRules = (
			);
			dependencies = (
			);
			name = MoviePlayer;
			productName = MoviePlayer;
			productReference = 56E453672973FA6E0088254E /* MoviePlayer.app */;
			productType = "com.apple.product-type.application";
		};
/* End PBXNativeTarget section */

/* Begin PBXProject section */
		56E4535F2973FA6E0088254E /* Project object */ = {
			isa = PBXProject;
			attributes = {
				BuildIndependentTargetsInParallel = 1;
				LastSwiftUpdateCheck = 1420;
				LastUpgradeCheck = 1420;
				TargetAttributes = {
					56E453662973FA6E0088254E = {
						CreatedOnToolsVersion = 14.2;
					};
				};
			};
			buildConfigurationList = 56E453622973FA6E0088254E /* Build configuration list for PBXProject "MoviePlayer" */;
			compatibilityVersion = "Xcode 14.0";
			developmentRegion = en;
			hasScannedForEncodings = 0;
			knownRegions = (
				en,
				Base,
			);
			mainGroup = 56E4535E2973FA6E0088254E;
			productRefGroup = 56E453682973FA6E0088254E /* Products */;
			projectDirPath = "";
			projectRoot = "";
			targets = (
				56E453662973FA6E0088254E /* MoviePlayer */,
			);
		};
/* End PBXProject section */

/* Begin PBXResourcesBuildPhase section */
		56E453652973FA6E0088254E /* Resources */ = {
			isa = PBXResourcesBuildPhase;
			buildActionMask = 2147483647;
			files = (
				56E453842973FAF50088254E /* Fireworks.jpg in Resources */,
				56E453832973FAF50088254E /* Seascape.jpg in Resources */,
				56E453772973FA6F0088254E /* LaunchScreen.storyboard in Resources */,
				56E453742973FA6F0088254E /* Assets.xcassets in Resources */,
				56E453852973FAF50088254E /* Mountaineering.jpg in Resources */,
				56E453722973FA6E0088254E /* Main.storyboard in Resources */,
				56E453862973FAF50088254E /* FastTyping.jpg in Resources */,
				56E453892973FB160088254E /* Mountaineering.mov in Resources */,
				56E4538A2973FB160088254E /* FastTyping.mp4 in Resources */,
			);
			runOnlyForDeploymentPostprocessing = 0;
		};
/* End PBXResourcesBuildPhase section */

/* Begin PBXSourcesBuildPhase section */
		56E453632973FA6E0088254E /* Sources */ = {
			isa = PBXSourcesBuildPhase;
			buildActionMask = 2147483647;
			files = (
				56E4536F2973FA6E0088254E /* ViewController.swift in Sources */,
				56E4536B2973FA6E0088254E /* AppDelegate.swift in Sources */,
				56E4536D2973FA6E0088254E /* SceneDelegate.swift in Sources */,
			);
			runOnlyForDeploymentPostprocessing = 0;
		};
/* End PBXSourcesBuildPhase section */

/* Begin PBXVariantGroup section */
		56E453702973FA6E0088254E /* Main.storyboard */ = {
			isa = PBXVariantGroup;
			children = (
				56E453712973FA6E0088254E /* Base */,
			);
			name = Main.storyboard;
			sourceTree = "<group>";
		};
		56E453752973FA6F0088254E /* LaunchScreen.storyboard */ = {
			isa = PBXVariantGroup;
			children = (
				56E453762973FA6F0088254E /* Base */,
			);
			name = LaunchScreen.storyboard;
			sourceTree = "<group>";
		};
/* End PBXVariantGroup section */

/* Begin XCBuildConfiguration section */
		56E453792973FA6F0088254E /* Debug */ = {
			isa = XCBuildConfiguration;
			buildSettings = {
				ALWAYS_SEARCH_USER_PATHS = NO;
				CLANG_ANALYZER_NONNULL = YES;
				CLANG_ANALYZER_NUMBER_OBJECT_CONVERSION = YES_AGGRESSIVE;
				CLANG_CXX_LANGUAGE_STANDARD = "gnu++20";
				CLANG_ENABLE_MODULES = YES;
				CLANG_ENABLE_OBJC_ARC = YES;
				CLANG_ENABLE_OBJC_WEAK = YES;
				CLANG_WARN_BLOCK_CAPTURE_AUTORELEASING = YES;
				CLANG_WARN_BOOL_CONVERSION = YES;
				CLANG_WARN_COMMA = YES;
				CLANG_WARN_CONSTANT_CONVERSION = YES;
				CLANG_WARN_DEPRECATED_OBJC_IMPLEMENTATIONS = YES;
				CLANG_WARN_DIRECT_OBJC_ISA_USAGE = YES_ERROR;
				CLANG_WARN_DOCUMENTATION_COMMENTS = YES;
				CLANG_WARN_EMPTY_BODY = YES;
				CLANG_WARN_ENUM_CONVERSION = YES;
				CLANG_WARN_INFINITE_RECURSION = YES;
				CLANG_WARN_INT_CONVERSION = YES;
				CLANG_WARN_NON_LITERAL_NULL_CONVERSION = YES;
				CLANG_WARN_OBJC_IMPLICIT_RETAIN_SELF = YES;
				CLANG_WARN_OBJC_LITERAL_CONVERSION = YES;
				CLANG_WARN_OBJC_ROOT_CLASS = YES_ERROR;
				CLANG_WARN_QUOTED_INCLUDE_IN_FRAMEWORK_HEADER = YES;
				CLANG_WARN_RANGE_LOOP_ANALYSIS = YES;
				CLANG_WARN_STRICT_PROTOTYPES = YES;
				CLANG_WARN_SUSPICIOUS_MOVE = YES;
				CLANG_WARN_UNGUARDED_AVAILABILITY = YES_AGGRESSIVE;
				CLANG_WARN_UNREACHABLE_CODE = YES;
				CLANG_WARN__DUPLICATE_METHOD_MATCH = YES;
				COPY_PHASE_STRIP = NO;
				DEBUG_INFORMATION_FORMAT = dwarf;
				ENABLE_STRICT_OBJC_MSGSEND = YES;
				ENABLE_TESTABILITY = YES;
				GCC_C_LANGUAGE_STANDARD = gnu11;
				GCC_DYNAMIC_NO_PIC = NO;
				GCC_NO_COMMON_BLOCKS = YES;
				GCC_OPTIMIZATION_LEVEL = 0;
				GCC_PREPROCESSOR_DEFINITIONS = (
					"DEBUG=1",
					"$(inherited)",
				);
				GCC_WARN_64_TO_32_BIT_CONVERSION = YES;
				GCC_WARN_ABOUT_RETURN_TYPE = YES_ERROR;
				GCC_WARN_UNDECLARED_SELECTOR = YES;
				GCC_WARN_UNINITIALIZED_AUTOS = YES_AGGRESSIVE;
				GCC_WARN_UNUSED_FUNCTION = YES;
				GCC_WARN_UNUSED_VARIABLE = YES;
				IPHONEOS_DEPLOYMENT_TARGET = 16.2;
				MTL_ENABLE_DEBUG_INFO = INCLUDE_SOURCE;
				MTL_FAST_MATH = YES;
				ONLY_ACTIVE_ARCH = YES;
				SDKROOT = iphoneos;
				SWIFT_ACTIVE_COMPILATION_CONDITIONS = DEBUG;
				SWIFT_OPTIMIZATION_LEVEL = "-Onone";
			};
			name = Debug;
		};
		56E4537A2973FA6F0088254E /* Release */ = {
			isa = XCBuildConfiguration;
			buildSettings = {
				ALWAYS_SEARCH_USER_PATHS = NO;
				CLANG_ANALYZER_NONNULL = YES;
				CLANG_ANALYZER_NUMBER_OBJECT_CONVERSION = YES_AGGRESSIVE;
				CLANG_CXX_LANGUAGE_STANDARD = "gnu++20";
				CLANG_ENABLE_MODULES = YES;
				CLANG_ENABLE_OBJC_ARC = YES;
				CLANG_ENABLE_OBJC_WEAK = YES;
				CLANG_WARN_BLOCK_CAPTURE_AUTORELEASING = YES;
				CLANG_WARN_BOOL_CONVERSION = YES;
				CLANG_WARN_COMMA = YES;
				CLANG_WARN_CONSTANT_CONVERSION = YES;
				CLANG_WARN_DEPRECATED_OBJC_IMPLEMENTATIONS = YES;
				CLANG_WARN_DIRECT_OBJC_ISA_USAGE = YES_ERROR;
				CLANG_WARN_DOCUMENTATION_COMMENTS = YES;
				CLANG_WARN_EMPTY_BODY = YES;
				CLANG_WARN_ENUM_CONVERSION = YES;
				CLANG_WARN_INFINITE_RECURSION = YES;
				CLANG_WARN_INT_CONVERSION = YES;
				CLANG_WARN_NON_LITERAL_NULL_CONVERSION = YES;
				CLANG_WARN_OBJC_IMPLICIT_RETAIN_SELF = YES;
				CLANG_WARN_OBJC_LITERAL_CONVERSION = YES;
				CLANG_WARN_OBJC_ROOT_CLASS = YES_ERROR;
				CLANG_WARN_QUOTED_INCLUDE_IN_FRAMEWORK_HEADER = YES;
				CLANG_WARN_RANGE_LOOP_ANALYSIS = YES;
				CLANG_WARN_STRICT_PROTOTYPES = YES;
				CLANG_WARN_SUSPICIOUS_MOVE = YES;
				CLANG_WARN_UNGUARDED_AVAILABILITY = YES_AGGRESSIVE;
				CLANG_WARN_UNREACHABLE_CODE = YES;
				CLANG_WARN__DUPLICATE_METHOD_MATCH = YES;
				COPY_PHASE_STRIP = NO;
				DEBUG_INFORMATION_FORMAT = "dwarf-with-dsym";
				ENABLE_NS_ASSERTIONS = NO;
				ENABLE_STRICT_OBJC_MSGSEND = YES;
				GCC_C_LANGUAGE_STANDARD = gnu11;
				GCC_NO_COMMON_BLOCKS = YES;
				GCC_WARN_64_TO_32_BIT_CONVERSION = YES;
				GCC_WARN_ABOUT_RETURN_TYPE = YES_ERROR;
				GCC_WARN_UNDECLARED_SELECTOR = YES;
				GCC_WARN_UNINITIALIZED_AUTOS = YES_AGGRESSIVE;
				GCC_WARN_UNUSED_FUNCTION = YES;
				GCC_WARN_UNUSED_VARIABLE = YES;
				IPHONEOS_DEPLOYMENT_TARGET = 16.2;
				MTL_ENABLE_DEBUG_INFO = NO;
				MTL_FAST_MATH = YES;
				SDKROOT = iphoneos;
				SWIFT_COMPILATION_MODE = wholemodule;
				SWIFT_OPTIMIZATION_LEVEL = "-O";
				VALIDATE_PRODUCT = YES;
			};
			name = Release;
		};
		56E4537C2973FA6F0088254E /* Debug */ = {
			isa = XCBuildConfiguration;
			buildSettings = {
				ASSETCATALOG_COMPILER_APPICON_NAME = AppIcon;
				ASSETCATALOG_COMPILER_GLOBAL_ACCENT_COLOR_NAME = AccentColor;
				CODE_SIGN_STYLE = Automatic;
				CURRENT_PROJECT_VERSION = 1;
				GENERATE_INFOPLIST_FILE = YES;
				INFOPLIST_FILE = MoviePlayer/Info.plist;
				INFOPLIST_KEY_UIApplicationSupportsIndirectInputEvents = YES;
				INFOPLIST_KEY_UILaunchStoryboardName = LaunchScreen;
				INFOPLIST_KEY_UIMainStoryboardFile = Main;
				INFOPLIST_KEY_UISupportedInterfaceOrientations_iPad = "UIInterfaceOrientationPortrait UIInterfaceOrientationPortraitUpsideDown UIInterfaceOrientationLandscapeLeft UIInterfaceOrientationLandscapeRight";
				INFOPLIST_KEY_UISupportedInterfaceOrientations_iPhone = "UIInterfaceOrientationPortrait UIInterfaceOrientationLandscapeLeft UIInterfaceOrientationLandscapeRight";
				LD_RUNPATH_SEARCH_PATHS = (
					"$(inherited)",
					"@executable_path/Frameworks",
				);
				MARKETING_VERSION = 1.0;
				PRODUCT_BUNDLE_IDENTIFIER = net.macnpc.MoviePlayer;
				PRODUCT_NAME = "$(TARGET_NAME)";
				SWIFT_EMIT_LOC_STRINGS = YES;
				SWIFT_VERSION = 5.0;
				TARGETED_DEVICE_FAMILY = "1,2";
			};
			name = Debug;
		};
		56E4537D2973FA6F0088254E /* Release */ = {
			isa = XCBuildConfiguration;
			buildSettings = {
				ASSETCATALOG_COMPILER_APPICON_NAME = AppIcon;
				ASSETCATALOG_COMPILER_GLOBAL_ACCENT_COLOR_NAME = AccentColor;
				CODE_SIGN_STYLE = Automatic;
				CURRENT_PROJECT_VERSION = 1;
				GENERATE_INFOPLIST_FILE = YES;
				INFOPLIST_FILE = MoviePlayer/Info.plist;
				INFOPLIST_KEY_UIApplicationSupportsIndirectInputEvents = YES;
				INFOPLIST_KEY_UILaunchStoryboardName = LaunchScreen;
				INFOPLIST_KEY_UIMainStoryboardFile = Main;
				INFOPLIST_KEY_UISupportedInterfaceOrientations_iPad = "UIInterfaceOrientationPortrait UIInterfaceOrientationPortraitUpsideDown UIInterfaceOrientationLandscapeLeft UIInterfaceOrientationLandscapeRight";
				INFOPLIST_KEY_UISupportedInterfaceOrientations_iPhone = "UIInterfaceOrientationPortrait UIInterfaceOrientationLandscapeLeft UIInterfaceOrientationLandscapeRight";
				LD_RUNPATH_SEARCH_PATHS = (
					"$(inherited)",
					"@executable_path/Frameworks",
				);
				MARKETING_VERSION = 1.0;
				PRODUCT_BUNDLE_IDENTIFIER = net.macnpc.MoviePlayer;
				PRODUCT_NAME = "$(TARGET_NAME)";
				SWIFT_EMIT_LOC_STRINGS = YES;
				SWIFT_VERSION = 5.0;
				TARGETED_DEVICE_FAMILY = "1,2";
			};
			name = Release;
		};
/* End XCBuildConfiguration section */

/* Begin XCConfigurationList section */
		56E453622973FA6E0088254E /* Build configuration list for PBXProject "MoviePlayer" */ = {
			isa = XCConfigurationList;
			buildConfigurations = (
				56E453792973FA6F0088254E /* Debug */,
				56E4537A2973FA6F0088254E /* Release */,
			);
			defaultConfigurationIsVisible = 0;
			defaultConfigurationName = Release;
		};
		56E4537B2973FA6F0088254E /* Build configuration list for PBXNativeTarget "MoviePlayer" */ = {
			isa = XCConfigurationList;
			buildConfigurations = (
				56E4537C2973FA6F0088254E /* Debug */,
				56E4537D2973FA6F0088254E /* Release */,
			);
			defaultConfigurationIsVisible = 0;
			defaultConfigurationName = Release;
		};
/* End XCConfigurationList section */
	};
	rootObject = 56E4535F2973FA6E0088254E /* Project object */;
}
